
Microsoft Visual Studio Solution File, Format Version 12.00
# Visual Studio 15
VisualStudioVersion = 15.0.28307.1705
MinimumVisualStudioVersion = 10.0.40219.1
Project("{FAE04EC0-301F-11D3-BF4B-00C04F79EFBC}") = "TrackerLibrary", "TrackerLibrary\TrackerLibrary.csproj", "{6516C186-9ED1-43D2-8CD9-519915517CB4}"
EndProject
Project("{FAE04EC0-301F-11D3-BF4B-00C04F79EFBC}") = "TrackerUI", "TrackerUI\TrackerUI.csproj", "{22BCA7A1-1020-44E8-8525-F7C4EAD14775}"
EndProject
Global
	GlobalSection(SolutionConfigurationPlatforms) = preSolution
		Debug|Any CPU = Debug|Any CPU
		Release|Any CPU = Release|Any CPU
	EndGlobalSection
	GlobalSection(ProjectConfigurationPlatforms) = postSolution
		{6516C186-9ED1-43D2-8CD9-519915517CB4}.Debug|Any CPU.ActiveCfg = Debug|Any CPU
		{6516C186-9ED1-43D2-8CD9-519915517CB4}.Debug|Any CPU.Build.0 = Debug|Any CPU
		{6516C186-9ED1-43D2-8CD9-519915517CB4}.Release|Any CPU.ActiveCfg = Release|Any CPU
		{6516C186-9ED1-43D2-8CD9-519915517CB4}.Release|Any CPU.Build.0 = Release|Any CPU
		{22BCA7A1-1020-44E8-8525-F7C4EAD14775}.Debug|Any CPU.ActiveCfg = Debug|Any CPU
		{22BCA7A1-1020-44E8-8525-F7C4EAD14775}.Debug|Any CPU.Build.0 = Debug|Any CPU
		{22BCA7A1-1020-44E8-8525-F7C4EAD14775}.Release|Any CPU.ActiveCfg = Release|Any CPU
		{22BCA7A1-1020-44E8-8525-F7C4EAD14775}.Release|Any CPU.Build.0 = Release|Any CPU
	EndGlobalSection
	GlobalSection(SolutionProperties) = preSolution
		HideSolutionNode = FALSE
	EndGlobalSection
	GlobalSection(ExtensibilityGlobals) = postSolution
		SolutionGuid = {BCCF916A-A9E5-48BE-A8FF-7AF9762E75FD}
	EndGlobalSection
EndGlobal
